
Microsoft Visual Studio Solution File, Format Version 12.00
# Visual Studio 15
VisualStudioVersion = 15.0.28307.852
MinimumVisualStudioVersion = 10.0.40219.1
Project("{8BC9CEB8-8B4A-11D0-8D11-00A0C91BC942}") = "AA1_01", "src\AA1_01\AA1_01.vcxproj", "{DD9E0901-8489-4CD1-AD47-E2C7F9B1471A}"
EndProject
Project("{8BC9CEB8-8B4A-11D0-8D11-00A0C91BC942}") = "AA1_02_SDL", "src\AA1_02_SDL\AA1_02_SDL.vcxproj", "{002957E9-70C7-4C38-A5B2-0351B72A1131}"
EndProject
Project("{8BC9CEB8-8B4A-11D0-8D11-00A0C91BC942}") = "throws", "src\throws\throws.vcxproj", "{653B9F45-1031-4605-AEC9-DC97201BB1E0}"
EndProject
Project("{8BC9CEB8-8B4A-11D0-8D11-00A0C91BC942}") = "AA1_05_BinaryFiles", "src\AA1_05_BinaryFiles\AA1_05_BinaryFiles.vcxproj", "{F0830F1C-F40A-45F9-8A62-D881EC5E9A3A}"
EndProject
Global
	GlobalSection(SolutionConfigurationPlatforms) = preSolution
		Debug|x64 = Debug|x64
		Debug|x86 = Debug|x86
		Release|x64 = Release|x64
		Release|x86 = Release|x86
	EndGlobalSection
	GlobalSection(ProjectConfigurationPlatforms) = postSolution
		{DD9E0901-8489-4CD1-AD47-E2C7F9B1471A}.Debug|x64.ActiveCfg = Debug|x64
		{DD9E0901-8489-4CD1-AD47-E2C7F9B1471A}.Debug|x64.Build.0 = Debug|x64
		{DD9E0901-8489-4CD1-AD47-E2C7F9B1471A}.Debug|x86.ActiveCfg = Debug|Win32
		{DD9E0901-8489-4CD1-AD47-E2C7F9B1471A}.Debug|x86.Build.0 = Debug|Win32
		{DD9E0901-8489-4CD1-AD47-E2C7F9B1471A}.Release|x64.ActiveCfg = Release|x64
		{DD9E0901-8489-4CD1-AD47-E2C7F9B1471A}.Release|x64.Build.0 = Release|x64
		{DD9E0901-8489-4CD1-AD47-E2C7F9B1471A}.Release|x86.ActiveCfg = Release|Win32
		{DD9E0901-8489-4CD1-AD47-E2C7F9B1471A}.Release|x86.Build.0 = Release|Win32
		{002957E9-70C7-4C38-A5B2-0351B72A1131}.Debug|x64.ActiveCfg = Debug|x64
		{002957E9-70C7-4C38-A5B2-0351B72A1131}.Debug|x64.Build.0 = Debug|x64
		{002957E9-70C7-4C38-A5B2-0351B72A1131}.Debug|x86.ActiveCfg = Debug|Win32
		{002957E9-70C7-4C38-A5B2-0351B72A1131}.Debug|x86.Build.0 = Debug|Win32
		{002957E9-70C7-4C38-A5B2-0351B72A1131}.Release|x64.ActiveCfg = Release|x64
		{002957E9-70C7-4C38-A5B2-0351B72A1131}.Release|x64.Build.0 = Release|x64
		{002957E9-70C7-4C38-A5B2-0351B72A1131}.Release|x86.ActiveCfg = Release|Win32
		{002957E9-70C7-4C38-A5B2-0351B72A1131}.Release|x86.Build.0 = Release|Win32
		{653B9F45-1031-4605-AEC9-DC97201BB1E0}.Debug|x64.ActiveCfg = Debug|x64
		{653B9F45-1031-4605-AEC9-DC97201BB1E0}.Debug|x64.Build.0 = Debug|x64
		{653B9F45-1031-4605-AEC9-DC97201BB1E0}.Debug|x86.ActiveCfg = Debug|Win32
		{653B9F45-1031-4605-AEC9-DC97201BB1E0}.Debug|x86.Build.0 = Debug|Win32
		{653B9F45-1031-4605-AEC9-DC97201BB1E0}.Release|x64.ActiveCfg = Release|x64
		{653B9F45-1031-4605-AEC9-DC97201BB1E0}.Release|x64.Build.0 = Release|x64
		{653B9F45-1031-4605-AEC9-DC97201BB1E0}.Release|x86.ActiveCfg = Release|Win32
		{653B9F45-1031-4605-AEC9-DC97201BB1E0}.Release|x86.Build.0 = Release|Win32
		{F0830F1C-F40A-45F9-8A62-D881EC5E9A3A}.Debug|x64.ActiveCfg = Debug|x64
		{F0830F1C-F40A-45F9-8A62-D881EC5E9A3A}.Debug|x64.Build.0 = Debug|x64
		{F0830F1C-F40A-45F9-8A62-D881EC5E9A3A}.Debug|x86.ActiveCfg = Debug|Win32
		{F0830F1C-F40A-45F9-8A62-D881EC5E9A3A}.Debug|x86.Build.0 = Debug|Win32
		{F0830F1C-F40A-45F9-8A62-D881EC5E9A3A}.Release|x64.ActiveCfg = Release|x64
		{F0830F1C-F40A-45F9-8A62-D881EC5E9A3A}.Release|x64.Build.0 = Release|x64
		{F0830F1C-F40A-45F9-8A62-D881EC5E9A3A}.Release|x86.ActiveCfg = Release|Win32
		{F0830F1C-F40A-45F9-8A62-D881EC5E9A3A}.Release|x86.Build.0 = Release|Win32
	EndGlobalSection
	GlobalSection(SolutionProperties) = preSolution
		HideSolutionNode = FALSE
	EndGlobalSection
	GlobalSection(ExtensibilityGlobals) = postSolution
		SolutionGuid = {7E0036C5-2CEA-4460-8E07-05D0EE0D9FFC}
	EndGlobalSection
EndGlobal
